
Microsoft Visual Studio Solution File, Format Version 12.00
# Visual Studio Version 17
VisualStudioVersion = 17.13.35913.81 d17.13
MinimumVisualStudioVersion = 10.0.40219.1
Project("{FAE04EC0-301F-11D3-BF4B-00C04F79EFBC}") = "JewelrySite", "JewelrySite\JewelrySite.csproj", "{5C115CE4-9537-4786-BDA8-F2869A703A6D}"
EndProject
Global
	GlobalSection(SolutionConfigurationPlatforms) = preSolution
		Debug|Any CPU = Debug|Any CPU
		Release|Any CPU = Release|Any CPU
	EndGlobalSection
	GlobalSection(ProjectConfigurationPlatforms) = postSolution
		{5C115CE4-9537-4786-BDA8-F2869A703A6D}.Debug|Any CPU.ActiveCfg = Debug|Any CPU
		{5C115CE4-9537-4786-BDA8-F2869A703A6D}.Debug|Any CPU.Build.0 = Debug|Any CPU
		{5C115CE4-9537-4786-BDA8-F2869A703A6D}.Release|Any CPU.ActiveCfg = Release|Any CPU
		{5C115CE4-9537-4786-BDA8-F2869A703A6D}.Release|Any CPU.Build.0 = Release|Any CPU
	EndGlobalSection
	GlobalSection(SolutionProperties) = preSolution
		HideSolutionNode = FALSE
	EndGlobalSection
	GlobalSection(ExtensibilityGlobals) = postSolution
		SolutionGuid = {DB545BD6-7509-49FC-8DFA-217CA7E4FE38}
	EndGlobalSection
EndGlobal
